
Microsoft Visual Studio Solution File, Format Version 12.00
# Visual Studio Express 14 for Windows Desktop
VisualStudioVersion = 14.0.25420.1
MinimumVisualStudioVersion = 10.0.40219.1
Project("{8BC9CEB8-8B4A-11D0-8D11-00A0C91BC942}") = "EnumDisks", "EnumDisks\EnumDisks.vcxproj", "{6448780B-1CD2-4137-9A13-92EE3D34D4BF}"
EndProject
Project("{8BC9CEB8-8B4A-11D0-8D11-00A0C91BC942}") = "PathUtils", "PathUtils\PathUtils.vcxproj", "{5E3E2AFD-1D6B-4997-A9B5-8ECBC8F6C31A}"
EndProject
Project("{8BC9CEB8-8B4A-11D0-8D11-00A0C91BC942}") = "nsLogView", "nsLogView\nsLogView.vcxproj", "{7352D80F-A81A-43B0-A038-F524C8D55916}"
EndProject
Project("{8BC9CEB8-8B4A-11D0-8D11-00A0C91BC942}") = "smbios", "smbios\smbios.vcxproj", "{CFB6009C-8CA5-4DE6-ACE9-A9CEB8044BAE}"
EndProject
Global
	GlobalSection(SolutionConfigurationPlatforms) = preSolution
		Debug|x64 = Debug|x64
		Debug|x86 = Debug|x86
		Release|x64 = Release|x64
		Release|x86 = Release|x86
	EndGlobalSection
	GlobalSection(ProjectConfigurationPlatforms) = postSolution
		{6448780B-1CD2-4137-9A13-92EE3D34D4BF}.Debug|x64.ActiveCfg = Debug|x64
		{6448780B-1CD2-4137-9A13-92EE3D34D4BF}.Debug|x64.Build.0 = Debug|x64
		{6448780B-1CD2-4137-9A13-92EE3D34D4BF}.Debug|x86.ActiveCfg = Debug|Win32
		{6448780B-1CD2-4137-9A13-92EE3D34D4BF}.Debug|x86.Build.0 = Debug|Win32
		{6448780B-1CD2-4137-9A13-92EE3D34D4BF}.Release|x64.ActiveCfg = Release|x64
		{6448780B-1CD2-4137-9A13-92EE3D34D4BF}.Release|x64.Build.0 = Release|x64
		{6448780B-1CD2-4137-9A13-92EE3D34D4BF}.Release|x86.ActiveCfg = Release|Win32
		{6448780B-1CD2-4137-9A13-92EE3D34D4BF}.Release|x86.Build.0 = Release|Win32
		{5E3E2AFD-1D6B-4997-A9B5-8ECBC8F6C31A}.Debug|x64.ActiveCfg = Debug|x64
		{5E3E2AFD-1D6B-4997-A9B5-8ECBC8F6C31A}.Debug|x64.Build.0 = Debug|x64
		{5E3E2AFD-1D6B-4997-A9B5-8ECBC8F6C31A}.Debug|x86.ActiveCfg = Debug|Win32
		{5E3E2AFD-1D6B-4997-A9B5-8ECBC8F6C31A}.Debug|x86.Build.0 = Debug|Win32
		{5E3E2AFD-1D6B-4997-A9B5-8ECBC8F6C31A}.Release|x64.ActiveCfg = Release|x64
		{5E3E2AFD-1D6B-4997-A9B5-8ECBC8F6C31A}.Release|x64.Build.0 = Release|x64
		{5E3E2AFD-1D6B-4997-A9B5-8ECBC8F6C31A}.Release|x86.ActiveCfg = Release|Win32
		{5E3E2AFD-1D6B-4997-A9B5-8ECBC8F6C31A}.Release|x86.Build.0 = Release|Win32
		{7352D80F-A81A-43B0-A038-F524C8D55916}.Debug|x64.ActiveCfg = Debug|x64
		{7352D80F-A81A-43B0-A038-F524C8D55916}.Debug|x64.Build.0 = Debug|x64
		{7352D80F-A81A-43B0-A038-F524C8D55916}.Debug|x86.ActiveCfg = Debug|Win32
		{7352D80F-A81A-43B0-A038-F524C8D55916}.Debug|x86.Build.0 = Debug|Win32
		{7352D80F-A81A-43B0-A038-F524C8D55916}.Release|x64.ActiveCfg = Release|x64
		{7352D80F-A81A-43B0-A038-F524C8D55916}.Release|x64.Build.0 = Release|x64
		{7352D80F-A81A-43B0-A038-F524C8D55916}.Release|x86.ActiveCfg = Release|Win32
		{7352D80F-A81A-43B0-A038-F524C8D55916}.Release|x86.Build.0 = Release|Win32
		{CFB6009C-8CA5-4DE6-ACE9-A9CEB8044BAE}.Debug|x64.ActiveCfg = Debug|x64
		{CFB6009C-8CA5-4DE6-ACE9-A9CEB8044BAE}.Debug|x64.Build.0 = Debug|x64
		{CFB6009C-8CA5-4DE6-ACE9-A9CEB8044BAE}.Debug|x86.ActiveCfg = Debug|Win32
		{CFB6009C-8CA5-4DE6-ACE9-A9CEB8044BAE}.Debug|x86.Build.0 = Debug|Win32
		{CFB6009C-8CA5-4DE6-ACE9-A9CEB8044BAE}.Release|x64.ActiveCfg = Release|x64
		{CFB6009C-8CA5-4DE6-ACE9-A9CEB8044BAE}.Release|x64.Build.0 = Release|x64
		{CFB6009C-8CA5-4DE6-ACE9-A9CEB8044BAE}.Release|x86.ActiveCfg = Release|Win32
		{CFB6009C-8CA5-4DE6-ACE9-A9CEB8044BAE}.Release|x86.Build.0 = Release|Win32
	EndGlobalSection
	GlobalSection(SolutionProperties) = preSolution
		HideSolutionNode = FALSE
	EndGlobalSection
EndGlobal
